
Microsoft Visual Studio Solution File, Format Version 12.00
# Visual Studio 14
VisualStudioVersion = 14.0.25420.1
MinimumVisualStudioVersion = 10.0.40219.1
Project("{2150E333-8FDC-42A3-9474-1A3956D46DE8}") = "src", "src", "{A8816F70-B2DC-4444-AA09-8A4B7DCE15E1}"
EndProject
Project("{2150E333-8FDC-42A3-9474-1A3956D46DE8}") = "Solution Items", "Solution Items", "{8A3E3EEA-640A-459E-888B-CC595DCD4A44}"
	ProjectSection(SolutionItems) = preProject
		global.json = global.json
	EndProjectSection
EndProject
Project("{8BB2217D-0F2D-49D1-97BC-3654ED321F3B}") = "ProjectX", "src\ProjectX\ProjectX.xproj", "{71AD353B-7A50-41CE-9955-C7EADA0B5731}"
EndProject
Global
	GlobalSection(SolutionConfigurationPlatforms) = preSolution
		Debug|Any CPU = Debug|Any CPU
		Release|Any CPU = Release|Any CPU
	EndGlobalSection
	GlobalSection(ProjectConfigurationPlatforms) = postSolution
		{71AD353B-7A50-41CE-9955-C7EADA0B5731}.Debug|Any CPU.ActiveCfg = Debug|Any CPU
		{71AD353B-7A50-41CE-9955-C7EADA0B5731}.Debug|Any CPU.Build.0 = Debug|Any CPU
		{71AD353B-7A50-41CE-9955-C7EADA0B5731}.Release|Any CPU.ActiveCfg = Release|Any CPU
		{71AD353B-7A50-41CE-9955-C7EADA0B5731}.Release|Any CPU.Build.0 = Release|Any CPU
	EndGlobalSection
	GlobalSection(SolutionProperties) = preSolution
		HideSolutionNode = FALSE
	EndGlobalSection
	GlobalSection(NestedProjects) = preSolution
		{71AD353B-7A50-41CE-9955-C7EADA0B5731} = {A8816F70-B2DC-4444-AA09-8A4B7DCE15E1}
	EndGlobalSection
EndGlobal
